
Microsoft Visual Studio Solution File, Format Version 12.00
# Visual Studio Version 16
VisualStudioVersion = 16.0.29509.3
MinimumVisualStudioVersion = 10.0.40219.1
Project("{FAE04EC0-301F-11D3-BF4B-00C04F79EFBC}") = "T1", "ConsoleApp2\T1.csproj", "{A80893F8-D036-4004-8DBC-10E4D9301961}"
EndProject
Global
	GlobalSection(SolutionConfigurationPlatforms) = preSolution
		Debug|Any CPU = Debug|Any CPU
		Release|Any CPU = Release|Any CPU
	EndGlobalSection
	GlobalSection(ProjectConfigurationPlatforms) = postSolution
		{A80893F8-D036-4004-8DBC-10E4D9301961}.Debug|Any CPU.ActiveCfg = Debug|Any CPU
		{A80893F8-D036-4004-8DBC-10E4D9301961}.Debug|Any CPU.Build.0 = Debug|Any CPU
		{A80893F8-D036-4004-8DBC-10E4D9301961}.Release|Any CPU.ActiveCfg = Release|Any CPU
		{A80893F8-D036-4004-8DBC-10E4D9301961}.Release|Any CPU.Build.0 = Release|Any CPU
	EndGlobalSection
	GlobalSection(SolutionProperties) = preSolution
		HideSolutionNode = FALSE
	EndGlobalSection
	GlobalSection(ExtensibilityGlobals) = postSolution
		SolutionGuid = {0F380A8E-46DF-4C22-BDA0-BB441C463FAC}
	EndGlobalSection
EndGlobal
